
Microsoft Visual Studio Solution File, Format Version 12.00
# Visual Studio 15
VisualStudioVersion = 15.0.28307.572
MinimumVisualStudioVersion = 10.0.40219.1
Project("{FAE04EC0-301F-11D3-BF4B-00C04F79EFBC}") = "CBA_Test_ConsoleApp", "CBA_Test_ConsoleApp\CBA_Test_ConsoleApp.csproj", "{5BEBCEB9-A0F4-4F15-91CC-F07DE339DCBB}"
EndProject
Project("{FAE04EC0-301F-11D3-BF4B-00C04F79EFBC}") = "CBA_Test_ConsoleApp_UnitTest", "CBA_Test_ConsoleApp_UnitTest\CBA_Test_ConsoleApp_UnitTest.csproj", "{C6C68A30-DAF7-4637-8F59-17DE019AC9CE}"
EndProject
Global
	GlobalSection(SolutionConfigurationPlatforms) = preSolution
		Debug|Any CPU = Debug|Any CPU
		Release|Any CPU = Release|Any CPU
	EndGlobalSection
	GlobalSection(ProjectConfigurationPlatforms) = postSolution
		{5BEBCEB9-A0F4-4F15-91CC-F07DE339DCBB}.Debug|Any CPU.ActiveCfg = Debug|Any CPU
		{5BEBCEB9-A0F4-4F15-91CC-F07DE339DCBB}.Debug|Any CPU.Build.0 = Debug|Any CPU
		{5BEBCEB9-A0F4-4F15-91CC-F07DE339DCBB}.Release|Any CPU.ActiveCfg = Release|Any CPU
		{5BEBCEB9-A0F4-4F15-91CC-F07DE339DCBB}.Release|Any CPU.Build.0 = Release|Any CPU
		{C6C68A30-DAF7-4637-8F59-17DE019AC9CE}.Debug|Any CPU.ActiveCfg = Debug|Any CPU
		{C6C68A30-DAF7-4637-8F59-17DE019AC9CE}.Debug|Any CPU.Build.0 = Debug|Any CPU
		{C6C68A30-DAF7-4637-8F59-17DE019AC9CE}.Release|Any CPU.ActiveCfg = Release|Any CPU
		{C6C68A30-DAF7-4637-8F59-17DE019AC9CE}.Release|Any CPU.Build.0 = Release|Any CPU
	EndGlobalSection
	GlobalSection(SolutionProperties) = preSolution
		HideSolutionNode = FALSE
	EndGlobalSection
	GlobalSection(ExtensibilityGlobals) = postSolution
		SolutionGuid = {8C2D01AF-18C7-42A8-B981-AA65D56A8B7E}
	EndGlobalSection
EndGlobal
